{
  "version": 4,
  "terraform_version": "1.11.4",
  "serial": 32,
  "lineage": "f001923f-4b0d-cc96-9e16-8647e2737611",
  "outputs": {},
  "resources": [
    {
      "mode": "data",
      "type": "aws_ami",
      "name": "sles",
      "provider": "provider[\"registry.terraform.io/hashicorp/aws\"]",
      "instances": [
        {
          "schema_version": 0,
          "attributes": {
            "architecture": "x86_64",
            "arn": "arn:aws:ec2:ap-southeast-3::image/ami-0589bab2a056b5677",
            "block_device_mappings": [
              {
                "device_name": "/dev/sda1",
                "ebs": {
                  "delete_on_termination": "true",
                  "encrypted": "false",
                  "iops": "0",
                  "snapshot_id": "snap-0ee91a18c9532148b",
                  "throughput": "0",
                  "volume_size": "10",
                  "volume_type": "gp3"
                },
                "no_device": "",
                "virtual_name": ""
              }
            ],
            "boot_mode": "uefi-preferred",
            "creation_date": "2025-04-09T05:06:38.000Z",
            "deprecation_time": "2027-04-09T05:06:38.000Z",
            "description": "SUSE Linux Enterprise Server 15 SP3 for SAP CAL (HVM, 64-bit, SSD Backed)",
            "ena_support": true,
            "executable_users": null,
            "filter": [
              {
                "name": "architecture",
                "values": [
                  "x86_64"
                ]
              },
              {
                "name": "name",
                "values": [
                  "suse-sles-15-sp3*"
                ]
              },
              {
                "name": "root-device-type",
                "values": [
                  "ebs"
                ]
              },
              {
                "name": "virtualization-type",
                "values": [
                  "hvm"
                ]
              }
            ],
            "hypervisor": "xen",
            "id": "ami-0589bab2a056b5677",
            "image_id": "ami-0589bab2a056b5677",
            "image_location": "amazon/suse-sles-15-sp3-sapcal-v20250409-hvm-ssd-x86_64",
            "image_owner_alias": "amazon",
            "image_type": "machine",
            "imds_support": "",
            "include_deprecated": false,
            "kernel_id": "",
            "most_recent": true,
            "name": "suse-sles-15-sp3-sapcal-v20250409-hvm-ssd-x86_64",
            "name_regex": null,
            "owner_id": "013907871322",
            "owners": [
              "013907871322"
            ],
            "platform": "",
            "platform_details": "SUSE Linux",
            "product_codes": [],
            "public": true,
            "ramdisk_id": "",
            "root_device_name": "/dev/sda1",
            "root_device_type": "ebs",
            "root_snapshot_id": "snap-0ee91a18c9532148b",
            "sriov_net_support": "simple",
            "state": "available",
            "state_reason": {
              "code": "UNSET",
              "message": "UNSET"
            },
            "tags": {},
            "timeouts": null,
            "tpm_support": "",
            "usage_operation": "RunInstances:000g",
            "virtualization_type": "hvm"
          },
          "sensitive_attributes": []
        }
      ]
    },
    {
      "mode": "managed",
      "type": "aws_instance",
      "name": "rancher_server",
      "provider": "provider[\"registry.terraform.io/hashicorp/aws\"]",
      "instances": [
        {
          "schema_version": 1,
          "attributes": {
            "ami": "ami-0589bab2a056b5677",
            "arn": "arn:aws:ec2:ap-southeast-3:471112524713:instance/i-020bcd67c1241b70d",
            "associate_public_ip_address": true,
            "availability_zone": "ap-southeast-3a",
            "capacity_reservation_specification": [
              {
                "capacity_reservation_preference": "open",
                "capacity_reservation_target": []
              }
            ],
            "cpu_core_count": 1,
            "cpu_options": [
              {
                "amd_sev_snp": "",
                "core_count": 1,
                "threads_per_core": 2
              }
            ],
            "cpu_threads_per_core": 2,
            "credit_specification": [
              {
                "cpu_credits": "unlimited"
              }
            ],
            "disable_api_stop": false,
            "disable_api_termination": false,
            "ebs_block_device": [],
            "ebs_optimized": false,
            "enclave_options": [
              {
                "enabled": false
              }
            ],
            "ephemeral_block_device": [],
            "get_password_data": false,
            "hibernation": false,
            "host_id": "",
            "host_resource_group_arn": null,
            "iam_instance_profile": "",
            "id": "i-020bcd67c1241b70d",
            "instance_initiated_shutdown_behavior": "stop",
            "instance_state": "running",
            "instance_type": "t3.medium",
            "ipv6_address_count": 0,
            "ipv6_addresses": [],
            "key_name": "quickstart-rancher-20250510152314280300000001",
            "launch_template": [],
            "maintenance_options": [
              {
                "auto_recovery": "default"
              }
            ],
            "metadata_options": [
              {
                "http_endpoint": "enabled",
                "http_put_response_hop_limit": 1,
                "http_tokens": "optional",
                "instance_metadata_tags": "disabled"
              }
            ],
            "monitoring": false,
            "network_interface": [],
            "outpost_arn": "",
            "password_data": "",
            "placement_group": "",
            "placement_partition_number": 0,
            "primary_network_interface_id": "eni-02e09943ec33f59f6",
            "private_dns": "ip-10-0-0-234.ap-southeast-3.compute.internal",
            "private_dns_name_options": [
              {
                "enable_resource_name_dns_a_record": false,
                "enable_resource_name_dns_aaaa_record": false,
                "hostname_type": "ip-name"
              }
            ],
            "private_ip": "10.0.0.234",
            "public_dns": "ec2-16-78-6-168.ap-southeast-3.compute.amazonaws.com",
            "public_ip": "16.78.6.168",
            "root_block_device": [
              {
                "delete_on_termination": true,
                "device_name": "/dev/sda1",
                "encrypted": false,
                "iops": 3000,
                "kms_key_id": "",
                "tags": {},
                "throughput": 125,
                "volume_id": "vol-01f36b4a950bda3d2",
                "volume_size": 40,
                "volume_type": "gp3"
              }
            ],
            "secondary_private_ips": [],
            "security_groups": [],
            "source_dest_check": true,
            "subnet_id": "subnet-015290f6befcb9fa4",
            "tags": {
              "Creator": "rancher-quickstart",
              "Name": "quickstart-rancher-server"
            },
            "tags_all": {
              "Creator": "rancher-quickstart",
              "Name": "quickstart-rancher-server"
            },
            "tenancy": "default",
            "timeouts": null,
            "user_data": null,
            "user_data_base64": null,
            "user_data_replace_on_change": false,
            "volume_tags": null,
            "vpc_security_group_ids": [
              "sg-0e2ac5555e2a0ffe7"
            ]
          },
          "sensitive_attributes": [],
          "private": "eyJlMmJmYjczMC1lY2FhLTExZTYtOGY4OC0zNDM2M2JjN2M0YzAiOnsiY3JlYXRlIjo2MDAwMDAwMDAwMDAsImRlbGV0ZSI6MTIwMDAwMDAwMDAwMCwidXBkYXRlIjo2MDAwMDAwMDAwMDB9LCJzY2hlbWFfdmVyc2lvbiI6IjEifQ==",
          "dependencies": [
            "aws_internet_gateway.rancher_gateway",
            "aws_key_pair.quickstart_key_pair",
            "aws_route_table.rancher_route_table",
            "aws_route_table_association.rancher_route_table_association",
            "aws_security_group.rancher_sg_allowall",
            "aws_subnet.rancher_subnet",
            "aws_vpc.rancher_vpc",
            "data.aws_ami.sles",
            "tls_private_key.global_key"
          ]
        }
      ]
    },
    {
      "mode": "managed",
      "type": "aws_internet_gateway",
      "name": "rancher_gateway",
      "provider": "provider[\"registry.terraform.io/hashicorp/aws\"]",
      "instances": [
        {
          "schema_version": 0,
          "attributes": {
            "arn": "arn:aws:ec2:ap-southeast-3:471112524713:internet-gateway/igw-07e0f8cacb31719b9",
            "id": "igw-07e0f8cacb31719b9",
            "owner_id": "471112524713",
            "tags": {
              "Name": "quickstart-rancher-gateway"
            },
            "tags_all": {
              "Name": "quickstart-rancher-gateway"
            },
            "timeouts": null,
            "vpc_id": "vpc-0485e5c2b2f7a9dac"
          },
          "sensitive_attributes": [],
          "private": "eyJlMmJmYjczMC1lY2FhLTExZTYtOGY4OC0zNDM2M2JjN2M0YzAiOnsiY3JlYXRlIjoxMjAwMDAwMDAwMDAwLCJkZWxldGUiOjEyMDAwMDAwMDAwMDAsInVwZGF0ZSI6MTIwMDAwMDAwMDAwMH19",
          "dependencies": [
            "aws_vpc.rancher_vpc"
          ]
        }
      ]
    },
    {
      "mode": "managed",
      "type": "aws_key_pair",
      "name": "quickstart_key_pair",
      "provider": "provider[\"registry.terraform.io/hashicorp/aws\"]",
      "instances": [
        {
          "schema_version": 1,
          "attributes": {
            "arn": "arn:aws:ec2:ap-southeast-3:471112524713:key-pair/quickstart-rancher-20250510152314280300000001",
            "fingerprint": "4c:bb:3e:fe:d6:21:60:0d:64:b8:1e:c0:58:76:9a:6d",
            "id": "quickstart-rancher-20250510152314280300000001",
            "key_name": "quickstart-rancher-20250510152314280300000001",
            "key_name_prefix": "quickstart-rancher-",
            "key_pair_id": "key-085287978eeea8e14",
            "key_type": "rsa",
            "public_key": "ssh-rsa AAAAB3NzaC1yc2EAAAADAQABAAABAQDE7iHtMWuLq0i+NwTN9F8ZMxRiqGiCvWNbcgW6ztvTqaBXxGjILI3ALv3ofs7G8av7eBLp0ZNc7BqE1j7Qx6tBqv2uAAZpIFlrEAWpcyJsxL5AdwTm8GIbOaagX8oCzophg1KAA/iW3+eorYd75zG3wW2RQEVWR4VCT1f91UGTs/+LTRfNB+nFiVsWPKfG4ArraKk/NW+ImE414rIo3o08wP14MM5gDfMDP9w7igcmv4CK/ymlr+/XOgRE6xY8X9xdK2yUaXwuCwF5VQkZXR4s8BxA8PpKyCUu4zbEAnRKO4nDhwrcdPjJ/qHmoarL51LcVZ7GUtK+92SG8JcuEMdV",
            "tags": {},
            "tags_all": {}
          },
          "sensitive_attributes": [],
          "private": "eyJzY2hlbWFfdmVyc2lvbiI6IjEifQ==",
          "dependencies": [
            "tls_private_key.global_key"
          ]
        }
      ]
    },
    {
      "mode": "managed",
      "type": "aws_route_table",
      "name": "rancher_route_table",
      "provider": "provider[\"registry.terraform.io/hashicorp/aws\"]",
      "instances": [
        {
          "schema_version": 0,
          "attributes": {
            "arn": "arn:aws:ec2:ap-southeast-3:471112524713:route-table/rtb-0f60ffb62b25cd275",
            "id": "rtb-0f60ffb62b25cd275",
            "owner_id": "471112524713",
            "propagating_vgws": [],
            "route": [
              {
                "carrier_gateway_id": "",
                "cidr_block": "0.0.0.0/0",
                "core_network_arn": "",
                "destination_prefix_list_id": "",
                "egress_only_gateway_id": "",
                "gateway_id": "igw-07e0f8cacb31719b9",
                "ipv6_cidr_block": "",
                "local_gateway_id": "",
                "nat_gateway_id": "",
                "network_interface_id": "",
                "transit_gateway_id": "",
                "vpc_endpoint_id": "",
                "vpc_peering_connection_id": ""
              }
            ],
            "tags": {
              "Name": "quickstart-rancher-route-table"
            },
            "tags_all": {
              "Name": "quickstart-rancher-route-table"
            },
            "timeouts": null,
            "vpc_id": "vpc-0485e5c2b2f7a9dac"
          },
          "sensitive_attributes": [],
          "private": "eyJlMmJmYjczMC1lY2FhLTExZTYtOGY4OC0zNDM2M2JjN2M0YzAiOnsiY3JlYXRlIjozMDAwMDAwMDAwMDAsImRlbGV0ZSI6MzAwMDAwMDAwMDAwLCJ1cGRhdGUiOjEyMDAwMDAwMDAwMH19",
          "dependencies": [
            "aws_internet_gateway.rancher_gateway",
            "aws_vpc.rancher_vpc"
          ]
        }
      ]
    },
    {
      "mode": "managed",
      "type": "aws_route_table_association",
      "name": "rancher_route_table_association",
      "provider": "provider[\"registry.terraform.io/hashicorp/aws\"]",
      "instances": [
        {
          "schema_version": 0,
          "attributes": {
            "gateway_id": "",
            "id": "rtbassoc-0327344cc3acdacdf",
            "route_table_id": "rtb-0f60ffb62b25cd275",
            "subnet_id": "subnet-015290f6befcb9fa4",
            "timeouts": null
          },
          "sensitive_attributes": [],
          "private": "eyJlMmJmYjczMC1lY2FhLTExZTYtOGY4OC0zNDM2M2JjN2M0YzAiOnsiY3JlYXRlIjozMDAwMDAwMDAwMDAsImRlbGV0ZSI6MzAwMDAwMDAwMDAwLCJ1cGRhdGUiOjEyMDAwMDAwMDAwMH19",
          "dependencies": [
            "aws_internet_gateway.rancher_gateway",
            "aws_route_table.rancher_route_table",
            "aws_subnet.rancher_subnet",
            "aws_vpc.rancher_vpc"
          ]
        }
      ]
    },
    {
      "mode": "managed",
      "type": "aws_security_group",
      "name": "rancher_sg_allowall",
      "provider": "provider[\"registry.terraform.io/hashicorp/aws\"]",
      "instances": [
        {
          "schema_version": 1,
          "attributes": {
            "arn": "arn:aws:ec2:ap-southeast-3:471112524713:security-group/sg-0e2ac5555e2a0ffe7",
            "description": "Rancher quickstart - allow all traffic",
            "egress": [
              {
                "cidr_blocks": [
                  "0.0.0.0/0"
                ],
                "description": "",
                "from_port": 0,
                "ipv6_cidr_blocks": [],
                "prefix_list_ids": [],
                "protocol": "-1",
                "security_groups": [],
                "self": false,
                "to_port": 0
              }
            ],
            "id": "sg-0e2ac5555e2a0ffe7",
            "ingress": [
              {
                "cidr_blocks": [
                  "0.0.0.0/0"
                ],
                "description": "",
                "from_port": 0,
                "ipv6_cidr_blocks": [],
                "prefix_list_ids": [],
                "protocol": "-1",
                "security_groups": [],
                "self": false,
                "to_port": 0
              }
            ],
            "name": "quickstart-rancher-allowall",
            "name_prefix": "",
            "owner_id": "471112524713",
            "revoke_rules_on_delete": false,
            "tags": {
              "Creator": "rancher-quickstart"
            },
            "tags_all": {
              "Creator": "rancher-quickstart"
            },
            "timeouts": null,
            "vpc_id": "vpc-0485e5c2b2f7a9dac"
          },
          "sensitive_attributes": [],
          "private": "eyJlMmJmYjczMC1lY2FhLTExZTYtOGY4OC0zNDM2M2JjN2M0YzAiOnsiY3JlYXRlIjo2MDAwMDAwMDAwMDAsImRlbGV0ZSI6OTAwMDAwMDAwMDAwfSwic2NoZW1hX3ZlcnNpb24iOiIxIn0=",
          "dependencies": [
            "aws_vpc.rancher_vpc"
          ]
        }
      ]
    },
    {
      "mode": "managed",
      "type": "aws_subnet",
      "name": "rancher_subnet",
      "provider": "provider[\"registry.terraform.io/hashicorp/aws\"]",
      "instances": [
        {
          "schema_version": 1,
          "attributes": {
            "arn": "arn:aws:ec2:ap-southeast-3:471112524713:subnet/subnet-015290f6befcb9fa4",
            "assign_ipv6_address_on_creation": false,
            "availability_zone": "ap-southeast-3a",
            "availability_zone_id": "apse3-az1",
            "cidr_block": "10.0.0.0/24",
            "customer_owned_ipv4_pool": "",
            "enable_dns64": false,
            "enable_lni_at_device_index": 0,
            "enable_resource_name_dns_a_record_on_launch": false,
            "enable_resource_name_dns_aaaa_record_on_launch": false,
            "id": "subnet-015290f6befcb9fa4",
            "ipv6_cidr_block": "",
            "ipv6_cidr_block_association_id": "",
            "ipv6_native": false,
            "map_customer_owned_ip_on_launch": false,
            "map_public_ip_on_launch": false,
            "outpost_arn": "",
            "owner_id": "471112524713",
            "private_dns_hostname_type_on_launch": "ip-name",
            "tags": {
              "Name": "quickstart-rancher-subnet"
            },
            "tags_all": {
              "Name": "quickstart-rancher-subnet"
            },
            "timeouts": null,
            "vpc_id": "vpc-0485e5c2b2f7a9dac"
          },
          "sensitive_attributes": [],
          "private": "eyJlMmJmYjczMC1lY2FhLTExZTYtOGY4OC0zNDM2M2JjN2M0YzAiOnsiY3JlYXRlIjo2MDAwMDAwMDAwMDAsImRlbGV0ZSI6MTIwMDAwMDAwMDAwMH0sInNjaGVtYV92ZXJzaW9uIjoiMSJ9",
          "dependencies": [
            "aws_vpc.rancher_vpc"
          ]
        }
      ]
    },
    {
      "mode": "managed",
      "type": "aws_vpc",
      "name": "rancher_vpc",
      "provider": "provider[\"registry.terraform.io/hashicorp/aws\"]",
      "instances": [
        {
          "schema_version": 1,
          "attributes": {
            "arn": "arn:aws:ec2:ap-southeast-3:471112524713:vpc/vpc-0485e5c2b2f7a9dac",
            "assign_generated_ipv6_cidr_block": false,
            "cidr_block": "10.0.0.0/16",
            "default_network_acl_id": "acl-084d9131aafdf14a4",
            "default_route_table_id": "rtb-002888d1ee15fbb51",
            "default_security_group_id": "sg-0e006e3e03d8864f7",
            "dhcp_options_id": "dopt-0107ec903ce6f6830",
            "enable_dns_hostnames": true,
            "enable_dns_support": true,
            "enable_network_address_usage_metrics": false,
            "id": "vpc-0485e5c2b2f7a9dac",
            "instance_tenancy": "default",
            "ipv4_ipam_pool_id": null,
            "ipv4_netmask_length": null,
            "ipv6_association_id": "",
            "ipv6_cidr_block": "",
            "ipv6_cidr_block_network_border_group": "",
            "ipv6_ipam_pool_id": "",
            "ipv6_netmask_length": 0,
            "main_route_table_id": "rtb-002888d1ee15fbb51",
            "owner_id": "471112524713",
            "tags": {
              "Name": "quickstart-rancher-vpc"
            },
            "tags_all": {
              "Name": "quickstart-rancher-vpc"
            }
          },
          "sensitive_attributes": [],
          "private": "eyJzY2hlbWFfdmVyc2lvbiI6IjEifQ=="
        }
      ]
    },
    {
      "mode": "managed",
      "type": "tls_private_key",
      "name": "global_key",
      "provider": "provider[\"registry.terraform.io/hashicorp/tls\"]",
      "instances": [
        {
          "schema_version": 1,
          "attributes": {
            "algorithm": "RSA",
            "ecdsa_curve": "P224",
            "id": "a4c740b9160c4e57f3a165346a97cc8c5564f616",
            "private_key_openssh": "-----BEGIN OPENSSH PRIVATE KEY-----\nb3BlbnNzaC1rZXktdjEAAAAABG5vbmUAAAAEbm9uZQAAAAAAAAABAAABFwAAAAdz\nc2gtcnNhAAAAAwEAAQAAAQEAxO4h7TFri6tIvjcEzfRfGTMUYqhogr1jW3IFus7b\n06mgV8RoyCyNwC796H7OxvGr+3gS6dGTXOwahNY+0MerQar9rgAGaSBZaxAFqXMi\nbMS+QHcE5vBiGzmmoF/KAs6KYYNSgAP4lt/nqK2He+cxt8FtkUBFVkeFQk9X/dVB\nk7P/i00XzQfpxYlbFjynxuAK62ipPzVviJhONeKyKN6NPMD9eDDOYA3zAz/cO4oH\nJr+Aiv8ppa/v1zoEROsWPF/cXStslGl8LgsBeVUJGV0eLPAcQPD6SsglLuM2xAJ0\nSjuJw4cK3HT4yf6h5qGqy+dS3FWexlLSvvdkhvCXLhDHVQAAA7j+9g12/vYNdgAA\nAAdzc2gtcnNhAAABAQDE7iHtMWuLq0i+NwTN9F8ZMxRiqGiCvWNbcgW6ztvTqaBX\nxGjILI3ALv3ofs7G8av7eBLp0ZNc7BqE1j7Qx6tBqv2uAAZpIFlrEAWpcyJsxL5A\ndwTm8GIbOaagX8oCzophg1KAA/iW3+eorYd75zG3wW2RQEVWR4VCT1f91UGTs/+L\nTRfNB+nFiVsWPKfG4ArraKk/NW+ImE414rIo3o08wP14MM5gDfMDP9w7igcmv4CK\n/ymlr+/XOgRE6xY8X9xdK2yUaXwuCwF5VQkZXR4s8BxA8PpKyCUu4zbEAnRKO4nD\nhwrcdPjJ/qHmoarL51LcVZ7GUtK+92SG8JcuEMdVAAAAAwEAAQAAAQAY9V1TZHoO\n34x+nxZ6y8fpt7GTt2hXeY1IH7FeNa1irBLoTLpC9HKastn3R2sJh8OWQWeUPr2A\nf2P1Bfo8F7I6xmMUVGh7ll/+068EBNWOF3lNTkhOxJSKgsn9dWZy6J5dMXmZQ+eT\np5kCpcuQBoMkmN08FXs0LihTeR7bytVe1K467WeKC5ZGBRCcwB+i2DBeUeV+hA7O\nnFuA9V8QgH4tC+bDm0F0pm7ppQIlGKWSG3MVvWT87NsyOdcZcXDHILx8SaSi0ZFU\nz3FSGtaR1CSLRGRlELo0sYcifhz/p+qdn+zuHiS4rv1txvpAOwecIejY72pydFzH\nfY4eumm4+G9BAAAAgD+3UKx1qRG3EgcmeWIugpQ8YEx74vClUb8cz5emSzweShtZ\n0mubqEKiii9n+P2hsBhspCHMTEXYzuKTNnzgxZLpWp+w9ZPn1T1b9wMVbKSE4eSg\neuOwb6uQCwtju86pP/ouM5EQXASTYg22DCzJLGBKm4V+zXKV3vQ6BpThUyjkAAAA\ngQDv04jVMYcE+/N2RXWccEls6CcCPlQvKoydGv+BeUUkhLMmHTZxfWbfvOhYG2Sm\nEA8mzf0929yx4CA3P2B+EA+BXfVEv3slotYo/ZZNU2GFqzCaCq7MjOGKB8EvA+ND\nVp56oJavHrgpo620Ag65R42JO564Pl3gjDzxjHQeikN9mQAAAIEA0jYFZs7wpCMM\neVE3l0w84/X+xryIUpfEvPYfKtV2ETOFXwuFRYaf0KMdo/3Jcz/1KwncTACBr4nW\nwUUjtPFGkPbDOeDx6J/FZHyaZ8vRHN7sFhu3wLbxhaOclzLu2vmTfMvtvlfaFfPx\nIu33PXxp6Fx369YYGxJLUf28oHrOFR0AAAAAAQID\n-----END OPENSSH PRIVATE KEY-----\n",
            "private_key_pem": "-----BEGIN RSA PRIVATE KEY-----\nMIIEowIBAAKCAQEAxO4h7TFri6tIvjcEzfRfGTMUYqhogr1jW3IFus7b06mgV8Ro\nyCyNwC796H7OxvGr+3gS6dGTXOwahNY+0MerQar9rgAGaSBZaxAFqXMibMS+QHcE\n5vBiGzmmoF/KAs6KYYNSgAP4lt/nqK2He+cxt8FtkUBFVkeFQk9X/dVBk7P/i00X\nzQfpxYlbFjynxuAK62ipPzVviJhONeKyKN6NPMD9eDDOYA3zAz/cO4oHJr+Aiv8p\npa/v1zoEROsWPF/cXStslGl8LgsBeVUJGV0eLPAcQPD6SsglLuM2xAJ0SjuJw4cK\n3HT4yf6h5qGqy+dS3FWexlLSvvdkhvCXLhDHVQIDAQABAoIBABj1XVNkeg7fjH6f\nFnrLx+m3sZO3aFd5jUgfsV41rWKsEuhMukL0cpqy2fdHawmHw5ZBZ5Q+vYB/Y/UF\n+jwXsjrGYxRUaHuWX/7TrwQE1Y4XeU1OSE7ElIqCyf11ZnLonl0xeZlD55OnmQKl\ny5AGgySY3TwVezQuKFN5HtvK1V7UrjrtZ4oLlkYFEJzAH6LYMF5R5X6EDs6cW4D1\nXxCAfi0L5sObQXSmbumlAiUYpZIbcxW9ZPzs2zI51xlxcMcgvHxJpKLRkVTPcVIa\n1pHUJItEZGUQujSxhyJ+HP+n6p2f7O4eJLiu/W3G+kA7B5wh6NjvanJ0XMd9jh66\nabj4b0ECgYEA79OI1TGHBPvzdkV1nHBJbOgnAj5ULyqMnRr/gXlFJISzJh02cX1m\n37zoWBtkphAPJs39PdvcseAgNz9gfhAPgV31RL97JaLWKP2WTVNhhaswmgquzIzh\nigfBLwPjQ1aeeqCWrx64KaOttAIOuUeNiTueuD5d4Iw88Yx0HopDfZkCgYEA0jYF\nZs7wpCMMeVE3l0w84/X+xryIUpfEvPYfKtV2ETOFXwuFRYaf0KMdo/3Jcz/1Kwnc\nTACBr4nWwUUjtPFGkPbDOeDx6J/FZHyaZ8vRHN7sFhu3wLbxhaOclzLu2vmTfMvt\nvlfaFfPxIu33PXxp6Fx369YYGxJLUf28oHrOFR0CgYEAuKoaP4auX4EdW2FqiTXQ\n4+HyP4D804Cg20vxl6FoQxFG3L87r7GOqBLOmSEmo9PTxt5v89S6n+BjDgdn5km5\nlrRhajlCup0i6FczB4F/oyxI9SPqqqiD9gO4ldoZgT1ONEA5Jsixp6ZX1zaKXdIh\nwpy8v0OOh5uURa4Pr4BpLWkCgYA+82KGuS4jWUOhCQtmybPqaH6VsVv5r+2A0Qvg\nXfBvkkg8gEy212wApPh5ZcTwOJUJAHjyYax0jwi69COPSjnhq6QnLxACo+YPA6mR\nr929kZyNuls64Q5PAQIh3WTeOqNKWh+mQtTSgi0SUsUZqqpkpVxcSc8KPF5F/YCB\nZoVUmQKBgD+3UKx1qRG3EgcmeWIugpQ8YEx74vClUb8cz5emSzweShtZ0mubqEKi\nii9n+P2hsBhspCHMTEXYzuKTNnzgxZLpWp+w9ZPn1T1b9wMVbKSE4eSgeuOwb6uQ\nCwtju86pP/ouM5EQXASTYg22DCzJLGBKm4V+zXKV3vQ6BpThUyjk\n-----END RSA PRIVATE KEY-----\n",
            "private_key_pem_pkcs8": "-----BEGIN PRIVATE KEY-----\nMIIEvQIBADANBgkqhkiG9w0BAQEFAASCBKcwggSjAgEAAoIBAQDE7iHtMWuLq0i+\nNwTN9F8ZMxRiqGiCvWNbcgW6ztvTqaBXxGjILI3ALv3ofs7G8av7eBLp0ZNc7BqE\n1j7Qx6tBqv2uAAZpIFlrEAWpcyJsxL5AdwTm8GIbOaagX8oCzophg1KAA/iW3+eo\nrYd75zG3wW2RQEVWR4VCT1f91UGTs/+LTRfNB+nFiVsWPKfG4ArraKk/NW+ImE41\n4rIo3o08wP14MM5gDfMDP9w7igcmv4CK/ymlr+/XOgRE6xY8X9xdK2yUaXwuCwF5\nVQkZXR4s8BxA8PpKyCUu4zbEAnRKO4nDhwrcdPjJ/qHmoarL51LcVZ7GUtK+92SG\n8JcuEMdVAgMBAAECggEAGPVdU2R6Dt+Mfp8WesvH6bexk7doV3mNSB+xXjWtYqwS\n6Ey6QvRymrLZ90drCYfDlkFnlD69gH9j9QX6PBeyOsZjFFRoe5Zf/tOvBATVjhd5\nTU5ITsSUioLJ/XVmcuieXTF5mUPnk6eZAqXLkAaDJJjdPBV7NC4oU3ke28rVXtSu\nOu1niguWRgUQnMAfotgwXlHlfoQOzpxbgPVfEIB+LQvmw5tBdKZu6aUCJRilkhtz\nFb1k/OzbMjnXGXFwxyC8fEmkotGRVM9xUhrWkdQki0RkZRC6NLGHIn4c/6fqnZ/s\n7h4kuK79bcb6QDsHnCHo2O9qcnRcx32OHrppuPhvQQKBgQDv04jVMYcE+/N2RXWc\ncEls6CcCPlQvKoydGv+BeUUkhLMmHTZxfWbfvOhYG2SmEA8mzf0929yx4CA3P2B+\nEA+BXfVEv3slotYo/ZZNU2GFqzCaCq7MjOGKB8EvA+NDVp56oJavHrgpo620Ag65\nR42JO564Pl3gjDzxjHQeikN9mQKBgQDSNgVmzvCkIwx5UTeXTDzj9f7GvIhSl8S8\n9h8q1XYRM4VfC4VFhp/Qox2j/clzP/UrCdxMAIGvidbBRSO08UaQ9sM54PHon8Vk\nfJpny9Ec3uwWG7fAtvGFo5yXMu7a+ZN8y+2+V9oV8/Ei7fc9fGnoXHfr1hgbEktR\n/byges4VHQKBgQC4qho/hq5fgR1bYWqJNdDj4fI/gPzTgKDbS/GXoWhDEUbcvzuv\nsY6oEs6ZISaj09PG3m/z1Lqf4GMOB2fmSbmWtGFqOUK6nSLoVzMHgX+jLEj1I+qq\nqIP2A7iV2hmBPU40QDkmyLGnplfXNopd0iHCnLy/Q46Hm5RFrg+vgGktaQKBgD7z\nYoa5LiNZQ6EJC2bJs+pofpWxW/mv7YDRC+Bd8G+SSDyATLbXbACk+HllxPA4lQkA\nePJhrHSPCLr0I49KOeGrpCcvEAKj5g8DqZGv3b2RnI26WzrhDk8BAiHdZN46o0pa\nH6ZC1NKCLRJSxRmqqmSlXFxJzwo8XkX9gIFmhVSZAoGAP7dQrHWpEbcSByZ5Yi6C\nlDxgTHvi8KVRvxzPl6ZLPB5KG1nSa5uoQqKKL2f4/aGwGGykIcxMRdjO4pM2fODF\nkulan7D1k+fVPVv3AxVspITh5KB647Bvq5ALC2O7zqk/+i4zkRBcBJNiDbYMLMks\nYEqbhX7NcpXe9DoGlOFTKOQ=\n-----END PRIVATE KEY-----\n",
            "public_key_fingerprint_md5": "b1:2c:9a:88:66:cb:4e:55:ab:5d:cc:ce:de:9e:93:28",
            "public_key_fingerprint_sha256": "SHA256:50ENHyUuIsNccDofHLnPK1Z3H/i1TCAWUA1pXEKu9lw",
            "public_key_openssh": "ssh-rsa AAAAB3NzaC1yc2EAAAADAQABAAABAQDE7iHtMWuLq0i+NwTN9F8ZMxRiqGiCvWNbcgW6ztvTqaBXxGjILI3ALv3ofs7G8av7eBLp0ZNc7BqE1j7Qx6tBqv2uAAZpIFlrEAWpcyJsxL5AdwTm8GIbOaagX8oCzophg1KAA/iW3+eorYd75zG3wW2RQEVWR4VCT1f91UGTs/+LTRfNB+nFiVsWPKfG4ArraKk/NW+ImE414rIo3o08wP14MM5gDfMDP9w7igcmv4CK/ymlr+/XOgRE6xY8X9xdK2yUaXwuCwF5VQkZXR4s8BxA8PpKyCUu4zbEAnRKO4nDhwrcdPjJ/qHmoarL51LcVZ7GUtK+92SG8JcuEMdV\n",
            "public_key_pem": "-----BEGIN PUBLIC KEY-----\nMIIBIjANBgkqhkiG9w0BAQEFAAOCAQ8AMIIBCgKCAQEAxO4h7TFri6tIvjcEzfRf\nGTMUYqhogr1jW3IFus7b06mgV8RoyCyNwC796H7OxvGr+3gS6dGTXOwahNY+0Mer\nQar9rgAGaSBZaxAFqXMibMS+QHcE5vBiGzmmoF/KAs6KYYNSgAP4lt/nqK2He+cx\nt8FtkUBFVkeFQk9X/dVBk7P/i00XzQfpxYlbFjynxuAK62ipPzVviJhONeKyKN6N\nPMD9eDDOYA3zAz/cO4oHJr+Aiv8ppa/v1zoEROsWPF/cXStslGl8LgsBeVUJGV0e\nLPAcQPD6SsglLuM2xAJ0SjuJw4cK3HT4yf6h5qGqy+dS3FWexlLSvvdkhvCXLhDH\nVQIDAQAB\n-----END PUBLIC KEY-----\n",
            "rsa_bits": 2048
          },
          "sensitive_attributes": [
            [
              {
                "type": "get_attr",
                "value": "private_key_pem_pkcs8"
              }
            ],
            [
              {
                "type": "get_attr",
                "value": "private_key_openssh"
              }
            ],
            [
              {
                "type": "get_attr",
                "value": "private_key_pem"
              }
            ]
          ]
        }
      ]
    },
    {
      "module": "module.rancher_common",
      "mode": "managed",
      "type": "helm_release",
      "name": "cert_manager",
      "provider": "module.rancher_common.provider[\"registry.terraform.io/hashicorp/helm\"]",
      "instances": [
        {
          "schema_version": 1,
          "attributes": {
            "atomic": false,
            "chart": "https://charts.jetstack.io/charts/cert-manager-v1.11.0.tgz",
            "cleanup_on_fail": false,
            "create_namespace": true,
            "dependency_update": false,
            "description": null,
            "devel": null,
            "disable_crd_hooks": false,
            "disable_openapi_validation": false,
            "disable_webhooks": false,
            "force_update": false,
            "id": "cert-manager",
            "keyring": null,
            "lint": false,
            "manifest": null,
            "max_history": 0,
            "metadata": [
              {
                "app_version": "v1.11.0",
                "chart": "cert-manager",
                "name": "cert-manager",
                "namespace": "cert-manager",
                "revision": 1,
                "values": "{\"installCRDs\":true}",
                "version": "v1.11.0"
              }
            ],
            "name": "cert-manager",
            "namespace": "cert-manager",
            "pass_credentials": false,
            "postrender": [],
            "recreate_pods": false,
            "render_subchart_notes": true,
            "replace": false,
            "repository": null,
            "repository_ca_file": null,
            "repository_cert_file": null,
            "repository_key_file": null,
            "repository_password": null,
            "repository_username": null,
            "reset_values": false,
            "reuse_values": false,
            "set": [
              {
                "name": "installCRDs",
                "type": "",
                "value": "true"
              }
            ],
            "set_list": [],
            "set_sensitive": [],
            "skip_crds": false,
            "status": "deployed",
            "timeout": 300,
            "values": null,
            "verify": false,
            "version": "v1.11.0",
            "wait": true,
            "wait_for_jobs": false
          },
          "sensitive_attributes": [
            [
              {
                "type": "get_attr",
                "value": "repository_password"
              }
            ]
          ],
          "private": "eyJzY2hlbWFfdmVyc2lvbiI6IjEifQ==",
          "dependencies": [
            "aws_instance.rancher_server",
            "aws_internet_gateway.rancher_gateway",
            "aws_key_pair.quickstart_key_pair",
            "aws_route_table.rancher_route_table",
            "aws_route_table_association.rancher_route_table_association",
            "aws_security_group.rancher_sg_allowall",
            "aws_subnet.rancher_subnet",
            "aws_vpc.rancher_vpc",
            "data.aws_ami.sles",
            "module.rancher_common.local_file.kube_config_server_yaml",
            "module.rancher_common.ssh_resource.install_k3s",
            "module.rancher_common.ssh_resource.retrieve_config",
            "tls_private_key.global_key"
          ]
        }
      ]
    },
    {
      "module": "module.rancher_common",
      "mode": "managed",
      "type": "local_file",
      "name": "kube_config_server_yaml",
      "provider": "provider[\"registry.terraform.io/hashicorp/local\"]",
      "instances": [
        {
          "schema_version": 0,
          "attributes": {
            "content": "apiVersion: v1\nclusters:\n- cluster:\n    certificate-authority-data: LS0tLS1CRUdJTiBDRVJUSUZJQ0FURS0tLS0tCk1JSUJlRENDQVIyZ0F3SUJBZ0lCQURBS0JnZ3Foa2pPUFFRREFqQWpNU0V3SHdZRFZRUUREQmhyTTNNdGMyVnkKZG1WeUxXTmhRREUzTkRZNE9UQTNNVE13SGhjTk1qVXdOVEV3TVRVeU5URXpXaGNOTXpVd05UQTRNVFV5TlRFegpXakFqTVNFd0h3WURWUVFEREJock0zTXRjMlZ5ZG1WeUxXTmhRREUzTkRZNE9UQTNNVE13V1RBVEJnY3Foa2pPClBRSUJCZ2dxaGtqT1BRTUJCd05DQUFRaVpPWlA4Y2h3NDB6NE5BVVBySnZiUDA2eWRhb2hRdEU2TkdiZDUrZmYKdWtDcGlEMnlGT21ySTBoVGphWEEvblRjTlpaL2M0OTdWVFh6czBNRzk3OUpvMEl3UURBT0JnTlZIUThCQWY4RQpCQU1DQXFRd0R3WURWUjBUQVFIL0JBVXdBd0VCL3pBZEJnTlZIUTRFRmdRVVZwcWNtRkYva0FVRzBwNnNJeTJrCmhCK2puUGd3Q2dZSUtvWkl6ajBFQXdJRFNRQXdSZ0loQUthQ0tWbkNXaEhJcDRXNSszWFQvRTJycUJQSWtTOGkKS0FmaGdiSVZZSGJPQWlFQThlTkQ2b29vY0U2emhoUWNEVXp4NWhiZ014YVdYengrUDloYzh0THJGams9Ci0tLS0tRU5EIENFUlRJRklDQVRFLS0tLS0K\n    server: https://16.78.6.168:6443\n  name: default\ncontexts:\n- context:\n    cluster: default\n    user: default\n  name: default\ncurrent-context: default\nkind: Config\npreferences: {}\nusers:\n- name: default\n  user:\n    client-certificate-data: LS0tLS1CRUdJTiBDRVJUSUZJQ0FURS0tLS0tCk1JSUJrVENDQVRlZ0F3SUJBZ0lJYlcwdVJTZmc1OWt3Q2dZSUtvWkl6ajBFQXdJd0l6RWhNQjhHQTFVRUF3d1kKYXpOekxXTnNhV1Z1ZEMxallVQXhOelEyT0Rrd056RXpNQjRYRFRJMU1EVXhNREUxTWpVeE0xb1hEVEkyTURVeApNREUxTWpVeE0xb3dNREVYTUJVR0ExVUVDaE1PYzNsemRHVnRPbTFoYzNSbGNuTXhGVEFUQmdOVkJBTVRESE41CmMzUmxiVHBoWkcxcGJqQlpNQk1HQnlxR1NNNDlBZ0VHQ0NxR1NNNDlBd0VIQTBJQUJLWnVUMHREVHE4aE5kM28KbmtoVU9zYTI4UCtYZHY0NVFXeC9HWnFvS1I0aE1UdXpCVW9VQUNnd0J3MjBHMlV4QjIzaTJYNUdhaVEwbCtmTwpHOGtkS2FxalNEQkdNQTRHQTFVZER3RUIvd1FFQXdJRm9EQVRCZ05WSFNVRUREQUtCZ2dyQmdFRkJRY0RBakFmCkJnTlZIU01FR0RBV2dCU2JUQkx2cW01alpCTVk0STlWWGJvdEhNZ09PekFLQmdncWhrak9QUVFEQWdOSUFEQkYKQWlBZzRFMDVzMVNUUThpdExMREkwenNURmpUNGZuL3NMcFZwMndZNlhycWZIQUloQU9zYXJGemhMVE05cWJMago3SS9MR3hHYzB2TjNKWGVVS21HYkY3bW5pQ3ZBCi0tLS0tRU5EIENFUlRJRklDQVRFLS0tLS0KLS0tLS1CRUdJTiBDRVJUSUZJQ0FURS0tLS0tCk1JSUJlRENDQVIyZ0F3SUJBZ0lCQURBS0JnZ3Foa2pPUFFRREFqQWpNU0V3SHdZRFZRUUREQmhyTTNNdFkyeHAKWlc1MExXTmhRREUzTkRZNE9UQTNNVE13SGhjTk1qVXdOVEV3TVRVeU5URXpXaGNOTXpVd05UQTRNVFV5TlRFegpXakFqTVNFd0h3WURWUVFEREJock0zTXRZMnhwWlc1MExXTmhRREUzTkRZNE9UQTNNVE13V1RBVEJnY3Foa2pPClBRSUJCZ2dxaGtqT1BRTUJCd05DQUFUZFpOY09JUmtVM1RXRG5hbTBVSjJjUEcrRmw2QXhBMjNCQTFDeHhCaXcKbjEzWjVGNEhRN1NNcUxnRms3Z09LbHJXMmVSSjFEZllnY2FxT3RTNWJQM2ZvMEl3UURBT0JnTlZIUThCQWY4RQpCQU1DQXFRd0R3WURWUjBUQVFIL0JBVXdBd0VCL3pBZEJnTlZIUTRFRmdRVW0wd1M3NnB1WTJRVEdPQ1BWVjI2CkxSeklEanN3Q2dZSUtvWkl6ajBFQXdJRFNRQXdSZ0loQUxESGt6Y0hhem1TcG1aSlRwT1JCOVlVZmUyK0Y3N24KZnAzU1FneVQrTCtyQWlFQTc2Rzc5YWs2dVpacTMwaVVoVFpGaDdGTlJCWkIzWi9nbG03Z3NvV1RJSnM9Ci0tLS0tRU5EIENFUlRJRklDQVRFLS0tLS0K\n    client-key-data: LS0tLS1CRUdJTiBFQyBQUklWQVRFIEtFWS0tLS0tCk1IY0NBUUVFSUxDUVlad0RmSkNvTFhmVzI1eTNVZzlpUUhDM3JsK0dkckVTYmVTemZvbllvQW9HQ0NxR1NNNDkKQXdFSG9VUURRZ0FFcG01UFMwTk9yeUUxM2VpZVNGUTZ4cmJ3LzVkMi9qbEJiSDhabXFncEhpRXhPN01GU2hRQQpLREFIRGJRYlpURUhiZUxaZmtacUpEU1g1ODRieVIwcHFnPT0KLS0tLS1FTkQgRUMgUFJJVkFURSBLRVktLS0tLQo=\n",
            "content_base64": null,
            "content_base64sha256": "ybaTW6ru3ZAI+SRZMImbh7EJNf6/IkvOaWfI8u9NuW8=",
            "content_base64sha512": "ufthFuZWuIR6u+ZZ6B0VWGH5XkpC4g/R0FEW0GneiXJ+mYMVz1L4mxkHT+UGagyGpHKAuTxgwEHI8W3bWE+1+Q==",
            "content_md5": "183f2c3f33540a7386b0abf109d040f3",
            "content_sha1": "3993fca2bed269a4689cd3f89706ad787a55847c",
            "content_sha256": "c9b6935baaeedd9008f9245930899b87b10935febf224bce6967c8f2ef4db96f",
            "content_sha512": "b9fb6116e656b8847abbe659e81d155861f95e4a42e20fd1d05116d069de89727e998315cf52f89b19074fe5066a0c86a47280b93c60c041c8f16ddb584fb5f9",
            "directory_permission": "0777",
            "file_permission": "0777",
            "filename": "./kube_config_server.yaml",
            "id": "3993fca2bed269a4689cd3f89706ad787a55847c",
            "sensitive_content": null,
            "source": null
          },
          "sensitive_attributes": [
            [
              {
                "type": "get_attr",
                "value": "sensitive_content"
              }
            ]
          ],
          "dependencies": [
            "aws_instance.rancher_server",
            "aws_internet_gateway.rancher_gateway",
            "aws_key_pair.quickstart_key_pair",
            "aws_route_table.rancher_route_table",
            "aws_route_table_association.rancher_route_table_association",
            "aws_security_group.rancher_sg_allowall",
            "aws_subnet.rancher_subnet",
            "aws_vpc.rancher_vpc",
            "data.aws_ami.sles",
            "module.rancher_common.ssh_resource.install_k3s",
            "module.rancher_common.ssh_resource.retrieve_config",
            "tls_private_key.global_key"
          ]
        }
      ]
    },
    {
      "module": "module.rancher_common",
      "mode": "managed",
      "type": "ssh_resource",
      "name": "install_k3s",
      "provider": "provider[\"registry.terraform.io/loafoe/ssh\"]",
      "instances": [
        {
          "schema_version": 4,
          "attributes": {
            "agent": false,
            "bastion_host": null,
            "bastion_password": null,
            "bastion_port": "22",
            "bastion_private_key": null,
            "bastion_user": null,
            "commands": [
              "bash -c 'curl https://get.k3s.io | INSTALL_K3S_EXEC=\"server --node-external-ip 16.78.6.168 --node-ip 10.0.0.234\" INSTALL_K3S_VERSION=v1.24.14+k3s1 sh -'"
            ],
            "commands_after_file_changes": true,
            "file": [],
            "host": "16.78.6.168",
            "host_private_key": null,
            "host_user": null,
            "id": "5679442854733608556",
            "password": null,
            "port": "22",
            "pre_commands": null,
            "private_key": "-----BEGIN RSA PRIVATE KEY-----\nMIIEowIBAAKCAQEAxO4h7TFri6tIvjcEzfRfGTMUYqhogr1jW3IFus7b06mgV8Ro\nyCyNwC796H7OxvGr+3gS6dGTXOwahNY+0MerQar9rgAGaSBZaxAFqXMibMS+QHcE\n5vBiGzmmoF/KAs6KYYNSgAP4lt/nqK2He+cxt8FtkUBFVkeFQk9X/dVBk7P/i00X\nzQfpxYlbFjynxuAK62ipPzVviJhONeKyKN6NPMD9eDDOYA3zAz/cO4oHJr+Aiv8p\npa/v1zoEROsWPF/cXStslGl8LgsBeVUJGV0eLPAcQPD6SsglLuM2xAJ0SjuJw4cK\n3HT4yf6h5qGqy+dS3FWexlLSvvdkhvCXLhDHVQIDAQABAoIBABj1XVNkeg7fjH6f\nFnrLx+m3sZO3aFd5jUgfsV41rWKsEuhMukL0cpqy2fdHawmHw5ZBZ5Q+vYB/Y/UF\n+jwXsjrGYxRUaHuWX/7TrwQE1Y4XeU1OSE7ElIqCyf11ZnLonl0xeZlD55OnmQKl\ny5AGgySY3TwVezQuKFN5HtvK1V7UrjrtZ4oLlkYFEJzAH6LYMF5R5X6EDs6cW4D1\nXxCAfi0L5sObQXSmbumlAiUYpZIbcxW9ZPzs2zI51xlxcMcgvHxJpKLRkVTPcVIa\n1pHUJItEZGUQujSxhyJ+HP+n6p2f7O4eJLiu/W3G+kA7B5wh6NjvanJ0XMd9jh66\nabj4b0ECgYEA79OI1TGHBPvzdkV1nHBJbOgnAj5ULyqMnRr/gXlFJISzJh02cX1m\n37zoWBtkphAPJs39PdvcseAgNz9gfhAPgV31RL97JaLWKP2WTVNhhaswmgquzIzh\nigfBLwPjQ1aeeqCWrx64KaOttAIOuUeNiTueuD5d4Iw88Yx0HopDfZkCgYEA0jYF\nZs7wpCMMeVE3l0w84/X+xryIUpfEvPYfKtV2ETOFXwuFRYaf0KMdo/3Jcz/1Kwnc\nTACBr4nWwUUjtPFGkPbDOeDx6J/FZHyaZ8vRHN7sFhu3wLbxhaOclzLu2vmTfMvt\nvlfaFfPxIu33PXxp6Fx369YYGxJLUf28oHrOFR0CgYEAuKoaP4auX4EdW2FqiTXQ\n4+HyP4D804Cg20vxl6FoQxFG3L87r7GOqBLOmSEmo9PTxt5v89S6n+BjDgdn5km5\nlrRhajlCup0i6FczB4F/oyxI9SPqqqiD9gO4ldoZgT1ONEA5Jsixp6ZX1zaKXdIh\nwpy8v0OOh5uURa4Pr4BpLWkCgYA+82KGuS4jWUOhCQtmybPqaH6VsVv5r+2A0Qvg\nXfBvkkg8gEy212wApPh5ZcTwOJUJAHjyYax0jwi69COPSjnhq6QnLxACo+YPA6mR\nr929kZyNuls64Q5PAQIh3WTeOqNKWh+mQtTSgi0SUsUZqqpkpVxcSc8KPF5F/YCB\nZoVUmQKBgD+3UKx1qRG3EgcmeWIugpQ8YEx74vClUb8cz5emSzweShtZ0mubqEKi\nii9n+P2hsBhspCHMTEXYzuKTNnzgxZLpWp+w9ZPn1T1b9wMVbKSE4eSgeuOwb6uQ\nCwtju86pP/ouM5EQXASTYg22DCzJLGBKm4V+zXKV3vQ6BpThUyjk\n-----END RSA PRIVATE KEY-----\n",
            "result": "[INFO]  Using v1.24.14+k3s1 as release\n[INFO]  Downloading hash https://github.com/k3s-io/k3s/releases/download/v1.24.14+k3s1/sha256sum-amd64.txt\n[INFO]  Downloading binary https://github.com/k3s-io/k3s/releases/download/v1.24.14+k3s1/k3s\n[INFO]  Verifying binary download\n[INFO]  Installing k3s to /usr/local/bin/k3s\n[INFO]  Skipping installation of SELinux RPM\n[INFO]  Creating /usr/local/bin/kubectl symlink to k3s\n[INFO]  Creating /usr/local/bin/crictl symlink to k3s\n[INFO]  Creating /usr/local/bin/ctr symlink to k3s\n[INFO]  Creating killall script /usr/local/bin/k3s-killall.sh\n[INFO]  Creating uninstall script /usr/local/bin/k3s-uninstall.sh\n[INFO]  env: Creating environment file /etc/systemd/system/k3s.service.env\n[INFO]  systemd: Creating service file /etc/systemd/system/k3s.service\n[INFO]  systemd: Enabling k3s unit\n[INFO]  systemd: Starting k3s\n",
            "retry_delay": "10s",
            "timeout": "5m",
            "triggers": null,
            "user": "ec2-user",
            "when": "create"
          },
          "sensitive_attributes": [
            [
              {
                "type": "get_attr",
                "value": "password"
              }
            ],
            [
              {
                "type": "get_attr",
                "value": "bastion_private_key"
              }
            ],
            [
              {
                "type": "get_attr",
                "value": "host_private_key"
              }
            ],
            [
              {
                "type": "get_attr",
                "value": "private_key"
              }
            ],
            [
              {
                "type": "get_attr",
                "value": "bastion_password"
              }
            ]
          ],
          "private": "eyJzY2hlbWFfdmVyc2lvbiI6IjQifQ==",
          "dependencies": [
            "aws_instance.rancher_server",
            "aws_internet_gateway.rancher_gateway",
            "aws_key_pair.quickstart_key_pair",
            "aws_route_table.rancher_route_table",
            "aws_route_table_association.rancher_route_table_association",
            "aws_security_group.rancher_sg_allowall",
            "aws_subnet.rancher_subnet",
            "aws_vpc.rancher_vpc",
            "data.aws_ami.sles",
            "tls_private_key.global_key"
          ]
        }
      ]
    },
    {
      "module": "module.rancher_common",
      "mode": "managed",
      "type": "ssh_resource",
      "name": "retrieve_config",
      "provider": "provider[\"registry.terraform.io/loafoe/ssh\"]",
      "instances": [
        {
          "schema_version": 4,
          "attributes": {
            "agent": false,
            "bastion_host": null,
            "bastion_password": null,
            "bastion_port": "22",
            "bastion_private_key": null,
            "bastion_user": null,
            "commands": [
              "sudo sed \"s/127.0.0.1/16.78.6.168/g\" /etc/rancher/k3s/k3s.yaml"
            ],
            "commands_after_file_changes": true,
            "file": [],
            "host": "16.78.6.168",
            "host_private_key": null,
            "host_user": null,
            "id": "4253122227756076391",
            "password": null,
            "port": "22",
            "pre_commands": null,
            "private_key": "-----BEGIN RSA PRIVATE KEY-----\nMIIEowIBAAKCAQEAxO4h7TFri6tIvjcEzfRfGTMUYqhogr1jW3IFus7b06mgV8Ro\nyCyNwC796H7OxvGr+3gS6dGTXOwahNY+0MerQar9rgAGaSBZaxAFqXMibMS+QHcE\n5vBiGzmmoF/KAs6KYYNSgAP4lt/nqK2He+cxt8FtkUBFVkeFQk9X/dVBk7P/i00X\nzQfpxYlbFjynxuAK62ipPzVviJhONeKyKN6NPMD9eDDOYA3zAz/cO4oHJr+Aiv8p\npa/v1zoEROsWPF/cXStslGl8LgsBeVUJGV0eLPAcQPD6SsglLuM2xAJ0SjuJw4cK\n3HT4yf6h5qGqy+dS3FWexlLSvvdkhvCXLhDHVQIDAQABAoIBABj1XVNkeg7fjH6f\nFnrLx+m3sZO3aFd5jUgfsV41rWKsEuhMukL0cpqy2fdHawmHw5ZBZ5Q+vYB/Y/UF\n+jwXsjrGYxRUaHuWX/7TrwQE1Y4XeU1OSE7ElIqCyf11ZnLonl0xeZlD55OnmQKl\ny5AGgySY3TwVezQuKFN5HtvK1V7UrjrtZ4oLlkYFEJzAH6LYMF5R5X6EDs6cW4D1\nXxCAfi0L5sObQXSmbumlAiUYpZIbcxW9ZPzs2zI51xlxcMcgvHxJpKLRkVTPcVIa\n1pHUJItEZGUQujSxhyJ+HP+n6p2f7O4eJLiu/W3G+kA7B5wh6NjvanJ0XMd9jh66\nabj4b0ECgYEA79OI1TGHBPvzdkV1nHBJbOgnAj5ULyqMnRr/gXlFJISzJh02cX1m\n37zoWBtkphAPJs39PdvcseAgNz9gfhAPgV31RL97JaLWKP2WTVNhhaswmgquzIzh\nigfBLwPjQ1aeeqCWrx64KaOttAIOuUeNiTueuD5d4Iw88Yx0HopDfZkCgYEA0jYF\nZs7wpCMMeVE3l0w84/X+xryIUpfEvPYfKtV2ETOFXwuFRYaf0KMdo/3Jcz/1Kwnc\nTACBr4nWwUUjtPFGkPbDOeDx6J/FZHyaZ8vRHN7sFhu3wLbxhaOclzLu2vmTfMvt\nvlfaFfPxIu33PXxp6Fx369YYGxJLUf28oHrOFR0CgYEAuKoaP4auX4EdW2FqiTXQ\n4+HyP4D804Cg20vxl6FoQxFG3L87r7GOqBLOmSEmo9PTxt5v89S6n+BjDgdn5km5\nlrRhajlCup0i6FczB4F/oyxI9SPqqqiD9gO4ldoZgT1ONEA5Jsixp6ZX1zaKXdIh\nwpy8v0OOh5uURa4Pr4BpLWkCgYA+82KGuS4jWUOhCQtmybPqaH6VsVv5r+2A0Qvg\nXfBvkkg8gEy212wApPh5ZcTwOJUJAHjyYax0jwi69COPSjnhq6QnLxACo+YPA6mR\nr929kZyNuls64Q5PAQIh3WTeOqNKWh+mQtTSgi0SUsUZqqpkpVxcSc8KPF5F/YCB\nZoVUmQKBgD+3UKx1qRG3EgcmeWIugpQ8YEx74vClUb8cz5emSzweShtZ0mubqEKi\nii9n+P2hsBhspCHMTEXYzuKTNnzgxZLpWp+w9ZPn1T1b9wMVbKSE4eSgeuOwb6uQ\nCwtju86pP/ouM5EQXASTYg22DCzJLGBKm4V+zXKV3vQ6BpThUyjk\n-----END RSA PRIVATE KEY-----\n",
            "result": "apiVersion: v1\nclusters:\n- cluster:\n    certificate-authority-data: LS0tLS1CRUdJTiBDRVJUSUZJQ0FURS0tLS0tCk1JSUJlRENDQVIyZ0F3SUJBZ0lCQURBS0JnZ3Foa2pPUFFRREFqQWpNU0V3SHdZRFZRUUREQmhyTTNNdGMyVnkKZG1WeUxXTmhRREUzTkRZNE9UQTNNVE13SGhjTk1qVXdOVEV3TVRVeU5URXpXaGNOTXpVd05UQTRNVFV5TlRFegpXakFqTVNFd0h3WURWUVFEREJock0zTXRjMlZ5ZG1WeUxXTmhRREUzTkRZNE9UQTNNVE13V1RBVEJnY3Foa2pPClBRSUJCZ2dxaGtqT1BRTUJCd05DQUFRaVpPWlA4Y2h3NDB6NE5BVVBySnZiUDA2eWRhb2hRdEU2TkdiZDUrZmYKdWtDcGlEMnlGT21ySTBoVGphWEEvblRjTlpaL2M0OTdWVFh6czBNRzk3OUpvMEl3UURBT0JnTlZIUThCQWY4RQpCQU1DQXFRd0R3WURWUjBUQVFIL0JBVXdBd0VCL3pBZEJnTlZIUTRFRmdRVVZwcWNtRkYva0FVRzBwNnNJeTJrCmhCK2puUGd3Q2dZSUtvWkl6ajBFQXdJRFNRQXdSZ0loQUthQ0tWbkNXaEhJcDRXNSszWFQvRTJycUJQSWtTOGkKS0FmaGdiSVZZSGJPQWlFQThlTkQ2b29vY0U2emhoUWNEVXp4NWhiZ014YVdYengrUDloYzh0THJGams9Ci0tLS0tRU5EIENFUlRJRklDQVRFLS0tLS0K\n    server: https://16.78.6.168:6443\n  name: default\ncontexts:\n- context:\n    cluster: default\n    user: default\n  name: default\ncurrent-context: default\nkind: Config\npreferences: {}\nusers:\n- name: default\n  user:\n    client-certificate-data: LS0tLS1CRUdJTiBDRVJUSUZJQ0FURS0tLS0tCk1JSUJrVENDQVRlZ0F3SUJBZ0lJYlcwdVJTZmc1OWt3Q2dZSUtvWkl6ajBFQXdJd0l6RWhNQjhHQTFVRUF3d1kKYXpOekxXTnNhV1Z1ZEMxallVQXhOelEyT0Rrd056RXpNQjRYRFRJMU1EVXhNREUxTWpVeE0xb1hEVEkyTURVeApNREUxTWpVeE0xb3dNREVYTUJVR0ExVUVDaE1PYzNsemRHVnRPbTFoYzNSbGNuTXhGVEFUQmdOVkJBTVRESE41CmMzUmxiVHBoWkcxcGJqQlpNQk1HQnlxR1NNNDlBZ0VHQ0NxR1NNNDlBd0VIQTBJQUJLWnVUMHREVHE4aE5kM28KbmtoVU9zYTI4UCtYZHY0NVFXeC9HWnFvS1I0aE1UdXpCVW9VQUNnd0J3MjBHMlV4QjIzaTJYNUdhaVEwbCtmTwpHOGtkS2FxalNEQkdNQTRHQTFVZER3RUIvd1FFQXdJRm9EQVRCZ05WSFNVRUREQUtCZ2dyQmdFRkJRY0RBakFmCkJnTlZIU01FR0RBV2dCU2JUQkx2cW01alpCTVk0STlWWGJvdEhNZ09PekFLQmdncWhrak9QUVFEQWdOSUFEQkYKQWlBZzRFMDVzMVNUUThpdExMREkwenNURmpUNGZuL3NMcFZwMndZNlhycWZIQUloQU9zYXJGemhMVE05cWJMago3SS9MR3hHYzB2TjNKWGVVS21HYkY3bW5pQ3ZBCi0tLS0tRU5EIENFUlRJRklDQVRFLS0tLS0KLS0tLS1CRUdJTiBDRVJUSUZJQ0FURS0tLS0tCk1JSUJlRENDQVIyZ0F3SUJBZ0lCQURBS0JnZ3Foa2pPUFFRREFqQWpNU0V3SHdZRFZRUUREQmhyTTNNdFkyeHAKWlc1MExXTmhRREUzTkRZNE9UQTNNVE13SGhjTk1qVXdOVEV3TVRVeU5URXpXaGNOTXpVd05UQTRNVFV5TlRFegpXakFqTVNFd0h3WURWUVFEREJock0zTXRZMnhwWlc1MExXTmhRREUzTkRZNE9UQTNNVE13V1RBVEJnY3Foa2pPClBRSUJCZ2dxaGtqT1BRTUJCd05DQUFUZFpOY09JUmtVM1RXRG5hbTBVSjJjUEcrRmw2QXhBMjNCQTFDeHhCaXcKbjEzWjVGNEhRN1NNcUxnRms3Z09LbHJXMmVSSjFEZllnY2FxT3RTNWJQM2ZvMEl3UURBT0JnTlZIUThCQWY4RQpCQU1DQXFRd0R3WURWUjBUQVFIL0JBVXdBd0VCL3pBZEJnTlZIUTRFRmdRVW0wd1M3NnB1WTJRVEdPQ1BWVjI2CkxSeklEanN3Q2dZSUtvWkl6ajBFQXdJRFNRQXdSZ0loQUxESGt6Y0hhem1TcG1aSlRwT1JCOVlVZmUyK0Y3N24KZnAzU1FneVQrTCtyQWlFQTc2Rzc5YWs2dVpacTMwaVVoVFpGaDdGTlJCWkIzWi9nbG03Z3NvV1RJSnM9Ci0tLS0tRU5EIENFUlRJRklDQVRFLS0tLS0K\n    client-key-data: LS0tLS1CRUdJTiBFQyBQUklWQVRFIEtFWS0tLS0tCk1IY0NBUUVFSUxDUVlad0RmSkNvTFhmVzI1eTNVZzlpUUhDM3JsK0dkckVTYmVTemZvbllvQW9HQ0NxR1NNNDkKQXdFSG9VUURRZ0FFcG01UFMwTk9yeUUxM2VpZVNGUTZ4cmJ3LzVkMi9qbEJiSDhabXFncEhpRXhPN01GU2hRQQpLREFIRGJRYlpURUhiZUxaZmtacUpEU1g1ODRieVIwcHFnPT0KLS0tLS1FTkQgRUMgUFJJVkFURSBLRVktLS0tLQo=\n",
            "retry_delay": "10s",
            "timeout": "5m",
            "triggers": null,
            "user": "ec2-user",
            "when": "create"
          },
          "sensitive_attributes": [
            [
              {
                "type": "get_attr",
                "value": "bastion_private_key"
              }
            ],
            [
              {
                "type": "get_attr",
                "value": "private_key"
              }
            ],
            [
              {
                "type": "get_attr",
                "value": "host_private_key"
              }
            ],
            [
              {
                "type": "get_attr",
                "value": "password"
              }
            ],
            [
              {
                "type": "get_attr",
                "value": "bastion_password"
              }
            ]
          ],
          "private": "eyJzY2hlbWFfdmVyc2lvbiI6IjQifQ==",
          "dependencies": [
            "aws_instance.rancher_server",
            "aws_internet_gateway.rancher_gateway",
            "aws_key_pair.quickstart_key_pair",
            "aws_route_table.rancher_route_table",
            "aws_route_table_association.rancher_route_table_association",
            "aws_security_group.rancher_sg_allowall",
            "aws_subnet.rancher_subnet",
            "aws_vpc.rancher_vpc",
            "data.aws_ami.sles",
            "module.rancher_common.ssh_resource.install_k3s",
            "tls_private_key.global_key"
          ]
        }
      ]
    }
  ],
  "check_results": null
}
